
Microsoft Visual Studio Solution File, Format Version 12.00
# Visual Studio Version 17
VisualStudioVersion = 17.13.35913.81
MinimumVisualStudioVersion = 10.0.40219.1
Project("{FAE04EC0-301F-11D3-BF4B-00C04F79EFBC}") = "library-app", "library-app\library-app.csproj", "{520F3604-0FE7-43B9-8452-8CC60A73742A}"
EndProject
Global
	GlobalSection(SolutionConfigurationPlatforms) = preSolution
		Debug|Any CPU = Debug|Any CPU
		Release|Any CPU = Release|Any CPU
	EndGlobalSection
	GlobalSection(ProjectConfigurationPlatforms) = postSolution
		{520F3604-0FE7-43B9-8452-8CC60A73742A}.Debug|Any CPU.ActiveCfg = Debug|Any CPU
		{520F3604-0FE7-43B9-8452-8CC60A73742A}.Debug|Any CPU.Build.0 = Debug|Any CPU
		{520F3604-0FE7-43B9-8452-8CC60A73742A}.Release|Any CPU.ActiveCfg = Release|Any CPU
		{520F3604-0FE7-43B9-8452-8CC60A73742A}.Release|Any CPU.Build.0 = Release|Any CPU
	EndGlobalSection
	GlobalSection(SolutionProperties) = preSolution
		HideSolutionNode = FALSE
	EndGlobalSection
	GlobalSection(ExtensibilityGlobals) = postSolution
		SolutionGuid = {162F5B2C-A11A-4F93-A380-C76FCBA8C83B}
	EndGlobalSection
EndGlobal
